{
    "name": "@brendangooch/screen-entity",
    "version": "1.0.0",
    "lockfileVersion": 3,
    "requires": true,
    "packages": {
        "": {
            "name": "@brendangooch/screen-entity",
            "version": "1.0.0",
            "license": "MIT",
            "dependencies": {
                "@brendangooch/collision-detection": "^1.0.1",
                "@brendangooch/dynamic-objects": "^3.0.0",
                "@brendangooch/maths": "^4.0.0"
            },
            "devDependencies": {
                "typescript": "^5.6.3"
            }
        },
        "node_modules/@brendangooch/collision-detection": {
            "version": "1.0.1",
            "resolved": "https://registry.npmjs.org/@brendangooch/collision-detection/-/collision-detection-1.0.1.tgz",
            "integrity": "sha512-wr7cXT7eZMFg/EyDqzwVNKiVjRZQc6hn7mPlmRql3yBwrff9B0sTkKD3JHCTlymvb1/3LilvGkeIYmWj1o+CFA==",
            "license": "MIT",
            "dependencies": {
                "@brendangooch/maths": "^1.2.0"
            }
        },
        "node_modules/@brendangooch/collision-detection/node_modules/@brendangooch/maths": {
            "version": "1.3.1",
            "resolved": "https://registry.npmjs.org/@brendangooch/maths/-/maths-1.3.1.tgz",
            "integrity": "sha512-FR3SoFsM8FibWl6WB4ddqonih+caLRpF/8O8eLfw7A738nEgvh7ESStAMwzW664P3Sfx6ycshjlJuX0grxvgdw==",
            "license": "MIT"
        },
        "node_modules/@brendangooch/dynamic-objects": {
            "version": "3.0.0",
            "resolved": "https://registry.npmjs.org/@brendangooch/dynamic-objects/-/dynamic-objects-3.0.0.tgz",
            "integrity": "sha512-I4hUIoKvEMxEksETdK6cFptNXiwiM+ykjlqNFR0AoNW3tyPIFinKofPNI8h8L7FT9m4JYemoKJf6x6vaSUF13A==",
            "license": "MIT",
            "dependencies": {
                "@brendangooch/ease": "^1.2.1",
                "@brendangooch/maths": "^4.0.0",
                "@brendangooch/simple-game-loop": "^4.0.0"
            }
        },
        "node_modules/@brendangooch/ease": {
            "version": "1.2.1",
            "resolved": "https://registry.npmjs.org/@brendangooch/ease/-/ease-1.2.1.tgz",
            "integrity": "sha512-pfbr6D7QheWVuWp2m12fRnbEAHrLpTtSXqyHf1vJXTeoZFjyFYZp99Sb8X9v5smJlqtKW7OCxyNkEKGGG6VIUQ==",
            "license": "MIT"
        },
        "node_modules/@brendangooch/maths": {
            "version": "4.0.0",
            "resolved": "https://registry.npmjs.org/@brendangooch/maths/-/maths-4.0.0.tgz",
            "integrity": "sha512-C36bcZ1kWa5dN0NspErzHOXQy6RD6ct964/LH/QKsLkS2UN8KfjAyJWxTkit8FtwFsHXwSBhkH7GaYcw3wTx6A==",
            "license": "MIT"
        },
        "node_modules/@brendangooch/simple-game-loop": {
            "version": "4.0.0",
            "resolved": "https://registry.npmjs.org/@brendangooch/simple-game-loop/-/simple-game-loop-4.0.0.tgz",
            "integrity": "sha512-03B3Nv8btvii9NKMqMqBoIXhKmxanXhRkseTDcA9+bHUcUj9kZKPhzkoK/W1ZTjOWBfNZJLdLE6ODHngDeSKjA==",
            "license": "MIT"
        },
        "node_modules/typescript": {
            "version": "5.6.3",
            "resolved": "https://registry.npmjs.org/typescript/-/typescript-5.6.3.tgz",
            "integrity": "sha512-hjcS1mhfuyi4WW8IWtjP7brDrG2cuDZukyrYrSauoXGNgx0S7zceP07adYkJycEr56BOUTNPzbInooiN3fn1qw==",
            "dev": true,
            "license": "Apache-2.0",
            "bin": {
                "tsc": "bin/tsc",
                "tsserver": "bin/tsserver"
            },
            "engines": {
                "node": ">=14.17"
            }
        }
    }
}
